
Microsoft Visual Studio Solution File, Format Version 12.00
# Visual Studio Version 17
VisualStudioVersion = 17.14.36717.8 d17.14
MinimumVisualStudioVersion = 10.0.40219.1
Project("{FAE04EC0-301F-11D3-BF4B-00C04F79EFBC}") = "WhileLoopUserNumber", "WhileLoopUserNumber.csproj", "{17349309-C31F-4738-9BC5-13948CEE4CA4}"
EndProject
Global
	GlobalSection(SolutionConfigurationPlatforms) = preSolution
		Debug|Any CPU = Debug|Any CPU
		Release|Any CPU = Release|Any CPU
	EndGlobalSection
	GlobalSection(ProjectConfigurationPlatforms) = postSolution
		{17349309-C31F-4738-9BC5-13948CEE4CA4}.Debug|Any CPU.ActiveCfg = Debug|Any CPU
		{17349309-C31F-4738-9BC5-13948CEE4CA4}.Debug|Any CPU.Build.0 = Debug|Any CPU
		{17349309-C31F-4738-9BC5-13948CEE4CA4}.Release|Any CPU.ActiveCfg = Release|Any CPU
		{17349309-C31F-4738-9BC5-13948CEE4CA4}.Release|Any CPU.Build.0 = Release|Any CPU
	EndGlobalSection
	GlobalSection(SolutionProperties) = preSolution
		HideSolutionNode = FALSE
	EndGlobalSection
	GlobalSection(ExtensibilityGlobals) = postSolution
		SolutionGuid = {5CF28936-860E-4C1B-8755-94226B69592B}
	EndGlobalSection
EndGlobal
